{
  "name": "mmm-moed",
  "version": "1.0.0",
  "lockfileVersion": 3,
  "requires": true,
  "packages": {
    "": {
      "name": "mmm-moed",
      "version": "1.0.0",
      "license": "MIT",
      "dependencies": {
        "@hebcal/core": "^6.3.3",
        "moment-timezone": "^0.6.2"
      }
    },
    "node_modules/@hebcal/core": {
      "version": "6.3.3",
      "resolved": "https://registry.npmjs.org/@hebcal/core/-/core-6.3.3.tgz",
      "integrity": "sha512-aOhijeXRc66bzp8gIe8P32uzmG9shRREKstu5la07CpnLUIXzPjo7KU0bZvWrAVl4+7nxPN3n4iK7H42HTrMVw==",
      "license": "GPL-2.0",
      "dependencies": {
        "@hebcal/hdate": "^0.22.1",
        "@hebcal/noaa": "^0.10.1",
        "quick-lru": "^7.3.0",
        "temporal-polyfill": "^0.3.2"
      },
      "engines": {
        "node": ">= 18.0.0"
      }
    },
    "node_modules/@hebcal/hdate": {
      "version": "0.22.2",
      "resolved": "https://registry.npmjs.org/@hebcal/hdate/-/hdate-0.22.2.tgz",
      "integrity": "sha512-lhnWKc4KRARcxVj478OQrvd8pY2lY+e19Wk0tn3Yxv/a9dVAjkzUG7JgWiOKBp5DZhFbxVWrHXShROLkzyRUyA==",
      "license": "GPL-2.0"
    },
    "node_modules/@hebcal/noaa": {
      "version": "0.10.1",
      "resolved": "https://registry.npmjs.org/@hebcal/noaa/-/noaa-0.10.1.tgz",
      "integrity": "sha512-ykM8LYO1ApmP1gPi0gzpV+tMJudXLcF4qCRcqX3MvB6E9SXvwor0Yc8RXhJOHLR2m6vkFWw3V+tRdBqmukjiyA==",
      "license": "LGPL-2.1",
      "dependencies": {
        "temporal-polyfill": "^0.3.2"
      }
    },
    "node_modules/moment": {
      "version": "2.30.1",
      "resolved": "https://registry.npmjs.org/moment/-/moment-2.30.1.tgz",
      "integrity": "sha512-uEmtNhbDOrWPFS+hdjFCBfy9f2YoyzRpwcl+DqpC6taX21FzsTLQVbMV/W7PzNSX6x/bhC1zA3c2UQ5NzH6how==",
      "license": "MIT",
      "engines": {
        "node": "*"
      }
    },
    "node_modules/moment-timezone": {
      "version": "0.6.2",
      "resolved": "https://registry.npmjs.org/moment-timezone/-/moment-timezone-0.6.2.tgz",
      "integrity": "sha512-lDsQv8FoGdBUdf0+TjGsq2orxKuXdwFlQ6Zw6TX3xIcTwTfEpCLyKqvEauvCHJ8iu3KBV8+uPhlv70YsNGdUBQ==",
      "license": "MIT",
      "dependencies": {
        "moment": "^2.29.4"
      },
      "engines": {
        "node": "*"
      }
    },
    "node_modules/quick-lru": {
      "version": "7.3.0",
      "resolved": "https://registry.npmjs.org/quick-lru/-/quick-lru-7.3.0.tgz",
      "integrity": "sha512-k9lSsjl36EJdK7I06v7APZCbyGT2vMTsYSRX1Q2nbYmnkBqgUhRkAuzH08Ciotteu/PLJmIF2+tti7o3C/ts2g==",
      "license": "MIT",
      "engines": {
        "node": ">=18"
      },
      "funding": {
        "url": "https://github.com/sponsors/sindresorhus"
      }
    },
    "node_modules/temporal-polyfill": {
      "version": "0.3.2",
      "resolved": "https://registry.npmjs.org/temporal-polyfill/-/temporal-polyfill-0.3.2.tgz",
      "integrity": "sha512-TzHthD/heRK947GNiSu3Y5gSPpeUDH34+LESnfsq8bqpFhsB79HFBX8+Z834IVX68P3EUyRPZK5bL/1fh437Eg==",
      "license": "MIT",
      "dependencies": {
        "temporal-spec": "0.3.1"
      }
    },
    "node_modules/temporal-spec": {
      "version": "0.3.1",
      "resolved": "https://registry.npmjs.org/temporal-spec/-/temporal-spec-0.3.1.tgz",
      "integrity": "sha512-B4TUhezh9knfSIMwt7RVggApDRJZo73uZdj8AacL2mZ8RP5KtLianh2MXxL06GN9ESYiIsiuoLQhgVfwe55Yhw==",
      "license": "ISC"
    }
  }
}
